
Microsoft Visual Studio Solution File, Format Version 12.00
# Visual Studio Version 17
VisualStudioVersion = 17.8.34408.163
MinimumVisualStudioVersion = 10.0.40219.1
Project("{9A19103F-16F7-4668-BE54-9A1E7A4F7556}") = "VelocityAutos.Web", "VelocityAutos.Web\VelocityAutos.Web.csproj", "{729FC7CB-277A-4E9B-8A00-F1E643321AD5}"
EndProject
Project("{9A19103F-16F7-4668-BE54-9A1E7A4F7556}") = "VelocityAutos.Common", "VelocityAutos.Common\VelocityAutos.Common.csproj", "{35042F69-00B1-4B06-BC8A-B208E5661326}"
EndProject
Project("{9A19103F-16F7-4668-BE54-9A1E7A4F7556}") = "VelocityAutos.Data", "VelocityAutos.Data\VelocityAutos.Data.csproj", "{3796942D-8B23-4D48-870B-3D79E72ED732}"
EndProject
Project("{2150E333-8FDC-42A3-9474-1A3956D46DE8}") = "Web", "Web", "{C4F934CE-6D81-48D6-A6BD-63B37541C5EB}"
EndProject
Project("{2150E333-8FDC-42A3-9474-1A3956D46DE8}") = "Data", "Data", "{3F403517-6678-4C7C-A9BB-84C8E79F7A57}"
EndProject
Project("{9A19103F-16F7-4668-BE54-9A1E7A4F7556}") = "VelocityAutos.Data.Models", "VelocityAutos.Data.Models\VelocityAutos.Data.Models.csproj", "{039CF067-5477-49F4-B72C-66971E735BE2}"
EndProject
Project("{9A19103F-16F7-4668-BE54-9A1E7A4F7556}") = "VelocityAutos.Web.ViewModels", "VelocityAutos.Web.ViewModels\VelocityAutos.Web.ViewModels.csproj", "{BCD80A1F-926B-4677-ADFC-9F69BD1CDE5E}"
EndProject
Project("{9A19103F-16F7-4668-BE54-9A1E7A4F7556}") = "VelocityAutos.Web.Infrastructure", "VelocityAutos.Web.Infrastructure\VelocityAutos.Web.Infrastructure.csproj", "{C9B8CE49-F7FB-4006-8982-8A39C7EAC1BC}"
EndProject
Project("{2150E333-8FDC-42A3-9474-1A3956D46DE8}") = "Services", "Services", "{13436FC3-AB23-40F6-AE04-101BB37C40AE}"
EndProject
Project("{9A19103F-16F7-4668-BE54-9A1E7A4F7556}") = "VelocityAutos.Services.Data", "VelocityAutos.Services.Data\VelocityAutos.Services.Data.csproj", "{5C51824A-69F7-46A2-93DA-B30F574A5179}"
EndProject
Project("{9A19103F-16F7-4668-BE54-9A1E7A4F7556}") = "VelocityAutos.Services.Data.Models", "VelocityAutos.Services.Data.Models\VelocityAutos.Services.Data.Models.csproj", "{E0BE4D60-5E6C-433C-9708-8CA44315457E}"
EndProject
Project("{9A19103F-16F7-4668-BE54-9A1E7A4F7556}") = "VelocityAutos.Services.Mapping", "VelocityAutos.Services.Mapping\VelocityAutos.Services.Mapping.csproj", "{73D19FC5-090A-409C-BD7C-237F4ECEEDBD}"
EndProject
Project("{2150E333-8FDC-42A3-9474-1A3956D46DE8}") = "Tests", "Tests", "{9FABE6C1-0209-4B1A-9474-C7F497990317}"
EndProject
Project("{FAE04EC0-301F-11D3-BF4B-00C04F79EFBC}") = "VelocityAutos.Tests", "VelocityAutos.Tests\VelocityAutos.Tests.csproj", "{8042E14E-5C90-4BA8-83C4-9DDF3BF796BC}"
EndProject
Global
	GlobalSection(SolutionConfigurationPlatforms) = preSolution
		Debug|Any CPU = Debug|Any CPU
		Release|Any CPU = Release|Any CPU
	EndGlobalSection
	GlobalSection(ProjectConfigurationPlatforms) = postSolution
		{729FC7CB-277A-4E9B-8A00-F1E643321AD5}.Debug|Any CPU.ActiveCfg = Debug|Any CPU
		{729FC7CB-277A-4E9B-8A00-F1E643321AD5}.Debug|Any CPU.Build.0 = Debug|Any CPU
		{729FC7CB-277A-4E9B-8A00-F1E643321AD5}.Release|Any CPU.ActiveCfg = Release|Any CPU
		{729FC7CB-277A-4E9B-8A00-F1E643321AD5}.Release|Any CPU.Build.0 = Release|Any CPU
		{35042F69-00B1-4B06-BC8A-B208E5661326}.Debug|Any CPU.ActiveCfg = Debug|Any CPU
		{35042F69-00B1-4B06-BC8A-B208E5661326}.Debug|Any CPU.Build.0 = Debug|Any CPU
		{35042F69-00B1-4B06-BC8A-B208E5661326}.Release|Any CPU.ActiveCfg = Release|Any CPU
		{35042F69-00B1-4B06-BC8A-B208E5661326}.Release|Any CPU.Build.0 = Release|Any CPU
		{3796942D-8B23-4D48-870B-3D79E72ED732}.Debug|Any CPU.ActiveCfg = Debug|Any CPU
		{3796942D-8B23-4D48-870B-3D79E72ED732}.Debug|Any CPU.Build.0 = Debug|Any CPU
		{3796942D-8B23-4D48-870B-3D79E72ED732}.Release|Any CPU.ActiveCfg = Release|Any CPU
		{3796942D-8B23-4D48-870B-3D79E72ED732}.Release|Any CPU.Build.0 = Release|Any CPU
		{039CF067-5477-49F4-B72C-66971E735BE2}.Debug|Any CPU.ActiveCfg = Debug|Any CPU
		{039CF067-5477-49F4-B72C-66971E735BE2}.Debug|Any CPU.Build.0 = Debug|Any CPU
		{039CF067-5477-49F4-B72C-66971E735BE2}.Release|Any CPU.ActiveCfg = Release|Any CPU
		{039CF067-5477-49F4-B72C-66971E735BE2}.Release|Any CPU.Build.0 = Release|Any CPU
		{BCD80A1F-926B-4677-ADFC-9F69BD1CDE5E}.Debug|Any CPU.ActiveCfg = Debug|Any CPU
		{BCD80A1F-926B-4677-ADFC-9F69BD1CDE5E}.Debug|Any CPU.Build.0 = Debug|Any CPU
		{BCD80A1F-926B-4677-ADFC-9F69BD1CDE5E}.Release|Any CPU.ActiveCfg = Release|Any CPU
		{BCD80A1F-926B-4677-ADFC-9F69BD1CDE5E}.Release|Any CPU.Build.0 = Release|Any CPU
		{C9B8CE49-F7FB-4006-8982-8A39C7EAC1BC}.Debug|Any CPU.ActiveCfg = Debug|Any CPU
		{C9B8CE49-F7FB-4006-8982-8A39C7EAC1BC}.Debug|Any CPU.Build.0 = Debug|Any CPU
		{C9B8CE49-F7FB-4006-8982-8A39C7EAC1BC}.Release|Any CPU.ActiveCfg = Release|Any CPU
		{C9B8CE49-F7FB-4006-8982-8A39C7EAC1BC}.Release|Any CPU.Build.0 = Release|Any CPU
		{5C51824A-69F7-46A2-93DA-B30F574A5179}.Debug|Any CPU.ActiveCfg = Debug|Any CPU
		{5C51824A-69F7-46A2-93DA-B30F574A5179}.Debug|Any CPU.Build.0 = Debug|Any CPU
		{5C51824A-69F7-46A2-93DA-B30F574A5179}.Release|Any CPU.ActiveCfg = Release|Any CPU
		{5C51824A-69F7-46A2-93DA-B30F574A5179}.Release|Any CPU.Build.0 = Release|Any CPU
		{E0BE4D60-5E6C-433C-9708-8CA44315457E}.Debug|Any CPU.ActiveCfg = Debug|Any CPU
		{E0BE4D60-5E6C-433C-9708-8CA44315457E}.Debug|Any CPU.Build.0 = Debug|Any CPU
		{E0BE4D60-5E6C-433C-9708-8CA44315457E}.Release|Any CPU.ActiveCfg = Release|Any CPU
		{E0BE4D60-5E6C-433C-9708-8CA44315457E}.Release|Any CPU.Build.0 = Release|Any CPU
		{73D19FC5-090A-409C-BD7C-237F4ECEEDBD}.Debug|Any CPU.ActiveCfg = Debug|Any CPU
		{73D19FC5-090A-409C-BD7C-237F4ECEEDBD}.Debug|Any CPU.Build.0 = Debug|Any CPU
		{73D19FC5-090A-409C-BD7C-237F4ECEEDBD}.Release|Any CPU.ActiveCfg = Release|Any CPU
		{73D19FC5-090A-409C-BD7C-237F4ECEEDBD}.Release|Any CPU.Build.0 = Release|Any CPU
		{8042E14E-5C90-4BA8-83C4-9DDF3BF796BC}.Debug|Any CPU.ActiveCfg = Debug|Any CPU
		{8042E14E-5C90-4BA8-83C4-9DDF3BF796BC}.Debug|Any CPU.Build.0 = Debug|Any CPU
		{8042E14E-5C90-4BA8-83C4-9DDF3BF796BC}.Release|Any CPU.ActiveCfg = Release|Any CPU
		{8042E14E-5C90-4BA8-83C4-9DDF3BF796BC}.Release|Any CPU.Build.0 = Release|Any CPU
	EndGlobalSection
	GlobalSection(SolutionProperties) = preSolution
		HideSolutionNode = FALSE
	EndGlobalSection
	GlobalSection(NestedProjects) = preSolution
		{729FC7CB-277A-4E9B-8A00-F1E643321AD5} = {C4F934CE-6D81-48D6-A6BD-63B37541C5EB}
		{3796942D-8B23-4D48-870B-3D79E72ED732} = {3F403517-6678-4C7C-A9BB-84C8E79F7A57}
		{039CF067-5477-49F4-B72C-66971E735BE2} = {3F403517-6678-4C7C-A9BB-84C8E79F7A57}
		{BCD80A1F-926B-4677-ADFC-9F69BD1CDE5E} = {C4F934CE-6D81-48D6-A6BD-63B37541C5EB}
		{C9B8CE49-F7FB-4006-8982-8A39C7EAC1BC} = {C4F934CE-6D81-48D6-A6BD-63B37541C5EB}
		{5C51824A-69F7-46A2-93DA-B30F574A5179} = {13436FC3-AB23-40F6-AE04-101BB37C40AE}
		{E0BE4D60-5E6C-433C-9708-8CA44315457E} = {13436FC3-AB23-40F6-AE04-101BB37C40AE}
		{73D19FC5-090A-409C-BD7C-237F4ECEEDBD} = {13436FC3-AB23-40F6-AE04-101BB37C40AE}
		{8042E14E-5C90-4BA8-83C4-9DDF3BF796BC} = {9FABE6C1-0209-4B1A-9474-C7F497990317}
	EndGlobalSection
	GlobalSection(ExtensibilityGlobals) = postSolution
		SolutionGuid = {3BD66371-770D-4E5D-9ACD-7934401EFCF4}
	EndGlobalSection
EndGlobal
